
Microsoft Visual Studio Solution File, Format Version 12.00
# Visual Studio Version 17
VisualStudioVersion = 17.7.34003.232
MinimumVisualStudioVersion = 10.0.40219.1
Project("{FAE04EC0-301F-11D3-BF4B-00C04F79EFBC}") = "IB_2324_CS_FiboSeq", "IB_2324_CS_FiboSeq\IB_2324_CS_FiboSeq.csproj", "{51EC9833-47B6-415C-AA86-A29A83FA0E05}"
EndProject
Global
	GlobalSection(SolutionConfigurationPlatforms) = preSolution
		Debug|Any CPU = Debug|Any CPU
		Release|Any CPU = Release|Any CPU
	EndGlobalSection
	GlobalSection(ProjectConfigurationPlatforms) = postSolution
		{51EC9833-47B6-415C-AA86-A29A83FA0E05}.Debug|Any CPU.ActiveCfg = Debug|Any CPU
		{51EC9833-47B6-415C-AA86-A29A83FA0E05}.Debug|Any CPU.Build.0 = Debug|Any CPU
		{51EC9833-47B6-415C-AA86-A29A83FA0E05}.Release|Any CPU.ActiveCfg = Release|Any CPU
		{51EC9833-47B6-415C-AA86-A29A83FA0E05}.Release|Any CPU.Build.0 = Release|Any CPU
	EndGlobalSection
	GlobalSection(SolutionProperties) = preSolution
		HideSolutionNode = FALSE
	EndGlobalSection
	GlobalSection(ExtensibilityGlobals) = postSolution
		SolutionGuid = {68D95445-0510-45B4-9F80-63BF68AD7D8A}
	EndGlobalSection
EndGlobal
